
Microsoft Visual Studio Solution File, Format Version 12.00
# Visual Studio Version 16
VisualStudioVersion = 16.0.32228.343
MinimumVisualStudioVersion = 10.0.40219.1
Project("{FAE04EC0-301F-11D3-BF4B-00C04F79EFBC}") = "01. Cinema", "01. Cinema\01. Cinema.csproj", "{E0BD5653-FB7A-4BA1-9992-7FA3F565A6AA}"
EndProject
Project("{FAE04EC0-301F-11D3-BF4B-00C04F79EFBC}") = "02. Summer Outfit", "02. Summer Outfit\02. Summer Outfit.csproj", "{0E1C3344-6604-4B27-BDDB-4C0FE8ADA205}"
EndProject
Project("{FAE04EC0-301F-11D3-BF4B-00C04F79EFBC}") = "03. New House", "03. New House\03. New House.csproj", "{5AA6C738-6AD3-469A-85FC-45EBD8E49A97}"
EndProject
Project("{FAE04EC0-301F-11D3-BF4B-00C04F79EFBC}") = "04. Fishing Boat", "04. Fishing Boat\04. Fishing Boat.csproj", "{B57C8075-C12E-433B-9197-C501984B8CAF}"
EndProject
Project("{FAE04EC0-301F-11D3-BF4B-00C04F79EFBC}") = "05. Journey", "05. Journey\05. Journey.csproj", "{C15DBC04-51C4-4899-80FD-B17FE3FE3D4C}"
EndProject
Project("{FAE04EC0-301F-11D3-BF4B-00C04F79EFBC}") = "06. Operations Between Numbers", "06. Operations Between Numbers\06. Operations Between Numbers.csproj", "{81F22666-D664-4942-99F0-CAAF3BEAFB95}"
EndProject
Project("{FAE04EC0-301F-11D3-BF4B-00C04F79EFBC}") = "07. Hotel Room", "07. Hotel Room\07. Hotel Room.csproj", "{9F4F2F3B-198E-4E92-98A3-60C6ADA89291}"
EndProject
Project("{FAE04EC0-301F-11D3-BF4B-00C04F79EFBC}") = "08. On Time for the Exam", "08. On Time for the Exam\08. On Time for the Exam.csproj", "{4317095A-3915-4D66-8FD6-0C44578A7293}"
EndProject
Project("{FAE04EC0-301F-11D3-BF4B-00C04F79EFBC}") = "Test", "Test\Test.csproj", "{9AEB8B7F-BA12-4681-B546-EB24AB287638}"
EndProject
Project("{FAE04EC0-301F-11D3-BF4B-00C04F79EFBC}") = "09. Ski Trip", "09. Ski Trip\09. Ski Trip.csproj", "{E0FE0FE8-7F64-4E3D-9D7F-3CE1507AFED8}"
EndProject
Global
	GlobalSection(SolutionConfigurationPlatforms) = preSolution
		Debug|Any CPU = Debug|Any CPU
		Release|Any CPU = Release|Any CPU
	EndGlobalSection
	GlobalSection(ProjectConfigurationPlatforms) = postSolution
		{E0BD5653-FB7A-4BA1-9992-7FA3F565A6AA}.Debug|Any CPU.ActiveCfg = Debug|Any CPU
		{E0BD5653-FB7A-4BA1-9992-7FA3F565A6AA}.Debug|Any CPU.Build.0 = Debug|Any CPU
		{E0BD5653-FB7A-4BA1-9992-7FA3F565A6AA}.Release|Any CPU.ActiveCfg = Release|Any CPU
		{E0BD5653-FB7A-4BA1-9992-7FA3F565A6AA}.Release|Any CPU.Build.0 = Release|Any CPU
		{0E1C3344-6604-4B27-BDDB-4C0FE8ADA205}.Debug|Any CPU.ActiveCfg = Debug|Any CPU
		{0E1C3344-6604-4B27-BDDB-4C0FE8ADA205}.Debug|Any CPU.Build.0 = Debug|Any CPU
		{0E1C3344-6604-4B27-BDDB-4C0FE8ADA205}.Release|Any CPU.ActiveCfg = Release|Any CPU
		{0E1C3344-6604-4B27-BDDB-4C0FE8ADA205}.Release|Any CPU.Build.0 = Release|Any CPU
		{5AA6C738-6AD3-469A-85FC-45EBD8E49A97}.Debug|Any CPU.ActiveCfg = Debug|Any CPU
		{5AA6C738-6AD3-469A-85FC-45EBD8E49A97}.Debug|Any CPU.Build.0 = Debug|Any CPU
		{5AA6C738-6AD3-469A-85FC-45EBD8E49A97}.Release|Any CPU.ActiveCfg = Release|Any CPU
		{5AA6C738-6AD3-469A-85FC-45EBD8E49A97}.Release|Any CPU.Build.0 = Release|Any CPU
		{B57C8075-C12E-433B-9197-C501984B8CAF}.Debug|Any CPU.ActiveCfg = Debug|Any CPU
		{B57C8075-C12E-433B-9197-C501984B8CAF}.Debug|Any CPU.Build.0 = Debug|Any CPU
		{B57C8075-C12E-433B-9197-C501984B8CAF}.Release|Any CPU.ActiveCfg = Release|Any CPU
		{B57C8075-C12E-433B-9197-C501984B8CAF}.Release|Any CPU.Build.0 = Release|Any CPU
		{C15DBC04-51C4-4899-80FD-B17FE3FE3D4C}.Debug|Any CPU.ActiveCfg = Debug|Any CPU
		{C15DBC04-51C4-4899-80FD-B17FE3FE3D4C}.Debug|Any CPU.Build.0 = Debug|Any CPU
		{C15DBC04-51C4-4899-80FD-B17FE3FE3D4C}.Release|Any CPU.ActiveCfg = Release|Any CPU
		{C15DBC04-51C4-4899-80FD-B17FE3FE3D4C}.Release|Any CPU.Build.0 = Release|Any CPU
		{81F22666-D664-4942-99F0-CAAF3BEAFB95}.Debug|Any CPU.ActiveCfg = Debug|Any CPU
		{81F22666-D664-4942-99F0-CAAF3BEAFB95}.Debug|Any CPU.Build.0 = Debug|Any CPU
		{81F22666-D664-4942-99F0-CAAF3BEAFB95}.Release|Any CPU.ActiveCfg = Release|Any CPU
		{81F22666-D664-4942-99F0-CAAF3BEAFB95}.Release|Any CPU.Build.0 = Release|Any CPU
		{9F4F2F3B-198E-4E92-98A3-60C6ADA89291}.Debug|Any CPU.ActiveCfg = Debug|Any CPU
		{9F4F2F3B-198E-4E92-98A3-60C6ADA89291}.Debug|Any CPU.Build.0 = Debug|Any CPU
		{9F4F2F3B-198E-4E92-98A3-60C6ADA89291}.Release|Any CPU.ActiveCfg = Release|Any CPU
		{9F4F2F3B-198E-4E92-98A3-60C6ADA89291}.Release|Any CPU.Build.0 = Release|Any CPU
		{4317095A-3915-4D66-8FD6-0C44578A7293}.Debug|Any CPU.ActiveCfg = Debug|Any CPU
		{4317095A-3915-4D66-8FD6-0C44578A7293}.Debug|Any CPU.Build.0 = Debug|Any CPU
		{4317095A-3915-4D66-8FD6-0C44578A7293}.Release|Any CPU.ActiveCfg = Release|Any CPU
		{4317095A-3915-4D66-8FD6-0C44578A7293}.Release|Any CPU.Build.0 = Release|Any CPU
		{9AEB8B7F-BA12-4681-B546-EB24AB287638}.Debug|Any CPU.ActiveCfg = Debug|Any CPU
		{9AEB8B7F-BA12-4681-B546-EB24AB287638}.Debug|Any CPU.Build.0 = Debug|Any CPU
		{9AEB8B7F-BA12-4681-B546-EB24AB287638}.Release|Any CPU.ActiveCfg = Release|Any CPU
		{9AEB8B7F-BA12-4681-B546-EB24AB287638}.Release|Any CPU.Build.0 = Release|Any CPU
		{E0FE0FE8-7F64-4E3D-9D7F-3CE1507AFED8}.Debug|Any CPU.ActiveCfg = Debug|Any CPU
		{E0FE0FE8-7F64-4E3D-9D7F-3CE1507AFED8}.Debug|Any CPU.Build.0 = Debug|Any CPU
		{E0FE0FE8-7F64-4E3D-9D7F-3CE1507AFED8}.Release|Any CPU.ActiveCfg = Release|Any CPU
		{E0FE0FE8-7F64-4E3D-9D7F-3CE1507AFED8}.Release|Any CPU.Build.0 = Release|Any CPU
	EndGlobalSection
	GlobalSection(SolutionProperties) = preSolution
		HideSolutionNode = FALSE
	EndGlobalSection
	GlobalSection(ExtensibilityGlobals) = postSolution
		SolutionGuid = {C8F3F680-FF37-4934-B1ED-A547F47792AE}
	EndGlobalSection
EndGlobal
