
Microsoft Visual Studio Solution File, Format Version 12.00
# Visual Studio Version 16
VisualStudioVersion = 16.0.32228.343
MinimumVisualStudioVersion = 10.0.40219.1
Project("{FAE04EC0-301F-11D3-BF4B-00C04F79EFBC}") = "01. Agency Profit", "01. Agency Profit\01. Agency Profit.csproj", "{AF5AA94B-A03E-4115-90F5-E25BE47AB482}"
EndProject
Project("{FAE04EC0-301F-11D3-BF4B-00C04F79EFBC}") = "02. Add Bags", "02. Add Bags\02. Add Bags.csproj", "{C8C6A932-E99A-4DC9-998E-04AED865C05C}"
EndProject
Project("{FAE04EC0-301F-11D3-BF4B-00C04F79EFBC}") = "03. Aluminum Joinery", "03. Aluminum Joinery\03. Aluminum Joinery.csproj", "{6E4CBA5B-AB3E-4542-9F54-188F883C9AA1}"
EndProject
Project("{FAE04EC0-301F-11D3-BF4B-00C04F79EFBC}") = "04. Balls", "04. Balls\04. Balls.csproj", "{2B99314F-2CAE-4457-8A43-AA8B7809FD98}"
EndProject
Project("{FAE04EC0-301F-11D3-BF4B-00C04F79EFBC}") = "05. Best Player", "05. Best Player\05. Best Player.csproj", "{1B8A7EF7-F811-499B-AFE9-9636D038CB82}"
EndProject
Project("{FAE04EC0-301F-11D3-BF4B-00C04F79EFBC}") = "06. Barcode Generator", "06. Barcode Generator\06. Barcode Generator.csproj", "{0AEE1F88-369C-46FA-8C34-33DFCEA952D9}"
EndProject
Global
	GlobalSection(SolutionConfigurationPlatforms) = preSolution
		Debug|Any CPU = Debug|Any CPU
		Release|Any CPU = Release|Any CPU
	EndGlobalSection
	GlobalSection(ProjectConfigurationPlatforms) = postSolution
		{AF5AA94B-A03E-4115-90F5-E25BE47AB482}.Debug|Any CPU.ActiveCfg = Debug|Any CPU
		{AF5AA94B-A03E-4115-90F5-E25BE47AB482}.Debug|Any CPU.Build.0 = Debug|Any CPU
		{AF5AA94B-A03E-4115-90F5-E25BE47AB482}.Release|Any CPU.ActiveCfg = Release|Any CPU
		{AF5AA94B-A03E-4115-90F5-E25BE47AB482}.Release|Any CPU.Build.0 = Release|Any CPU
		{C8C6A932-E99A-4DC9-998E-04AED865C05C}.Debug|Any CPU.ActiveCfg = Debug|Any CPU
		{C8C6A932-E99A-4DC9-998E-04AED865C05C}.Debug|Any CPU.Build.0 = Debug|Any CPU
		{C8C6A932-E99A-4DC9-998E-04AED865C05C}.Release|Any CPU.ActiveCfg = Release|Any CPU
		{C8C6A932-E99A-4DC9-998E-04AED865C05C}.Release|Any CPU.Build.0 = Release|Any CPU
		{6E4CBA5B-AB3E-4542-9F54-188F883C9AA1}.Debug|Any CPU.ActiveCfg = Debug|Any CPU
		{6E4CBA5B-AB3E-4542-9F54-188F883C9AA1}.Debug|Any CPU.Build.0 = Debug|Any CPU
		{6E4CBA5B-AB3E-4542-9F54-188F883C9AA1}.Release|Any CPU.ActiveCfg = Release|Any CPU
		{6E4CBA5B-AB3E-4542-9F54-188F883C9AA1}.Release|Any CPU.Build.0 = Release|Any CPU
		{2B99314F-2CAE-4457-8A43-AA8B7809FD98}.Debug|Any CPU.ActiveCfg = Debug|Any CPU
		{2B99314F-2CAE-4457-8A43-AA8B7809FD98}.Debug|Any CPU.Build.0 = Debug|Any CPU
		{2B99314F-2CAE-4457-8A43-AA8B7809FD98}.Release|Any CPU.ActiveCfg = Release|Any CPU
		{2B99314F-2CAE-4457-8A43-AA8B7809FD98}.Release|Any CPU.Build.0 = Release|Any CPU
		{1B8A7EF7-F811-499B-AFE9-9636D038CB82}.Debug|Any CPU.ActiveCfg = Debug|Any CPU
		{1B8A7EF7-F811-499B-AFE9-9636D038CB82}.Debug|Any CPU.Build.0 = Debug|Any CPU
		{1B8A7EF7-F811-499B-AFE9-9636D038CB82}.Release|Any CPU.ActiveCfg = Release|Any CPU
		{1B8A7EF7-F811-499B-AFE9-9636D038CB82}.Release|Any CPU.Build.0 = Release|Any CPU
		{0AEE1F88-369C-46FA-8C34-33DFCEA952D9}.Debug|Any CPU.ActiveCfg = Debug|Any CPU
		{0AEE1F88-369C-46FA-8C34-33DFCEA952D9}.Debug|Any CPU.Build.0 = Debug|Any CPU
		{0AEE1F88-369C-46FA-8C34-33DFCEA952D9}.Release|Any CPU.ActiveCfg = Release|Any CPU
		{0AEE1F88-369C-46FA-8C34-33DFCEA952D9}.Release|Any CPU.Build.0 = Release|Any CPU
	EndGlobalSection
	GlobalSection(SolutionProperties) = preSolution
		HideSolutionNode = FALSE
	EndGlobalSection
	GlobalSection(ExtensibilityGlobals) = postSolution
		SolutionGuid = {DD339901-4A60-482B-82A3-00165E9AB077}
	EndGlobalSection
EndGlobal
